
Microsoft Visual Studio Solution File, Format Version 12.00
# Visual Studio Version 16
VisualStudioVersion = 16.0.34031.81
MinimumVisualStudioVersion = 10.0.40219.1
Project("{FAE04EC0-301F-11D3-BF4B-00C04F79EFBC}") = "Tyuiu.MartysevichAD.Sprint3.Task0.V5.Test", "Tyuiu.MartysevichAD.Sprint3.Task0.V5.Test\Tyuiu.MartysevichAD.Sprint3.Task0.V5.Test.csproj", "{01600DBD-59A8-4211-B1BB-0335C762CDAF}"
EndProject
Project("{FAE04EC0-301F-11D3-BF4B-00C04F79EFBC}") = "Tyuiu.MartysevichAD.Sprint3.Task0.V5.Lib", "Tyuiu.MartysevichAD.Sprint3.Task0.V5.Lib\Tyuiu.MartysevichAD.Sprint3.Task0.V5.Lib.csproj", "{77F22348-DA7B-4B3C-9297-68DCA4C21EB8}"
EndProject
Project("{FAE04EC0-301F-11D3-BF4B-00C04F79EFBC}") = "Tyuiu.MartysevichAD.Sprint3.Task0.V5", "Tyuiu.MartysevichAD.Sprint3.Task0.V5\Tyuiu.MartysevichAD.Sprint3.Task0.V5.csproj", "{12302705-7863-4E9A-8D0E-20C5A0CD2631}"
EndProject
Project("{2150E333-8FDC-42A3-9474-1A3956D46DE8}") = "Task0", "Task0", "{38F32F21-1832-4898-B0C1-1990A6D64595}"
EndProject
Project("{2150E333-8FDC-42A3-9474-1A3956D46DE8}") = "Task1", "Task1", "{1669C4B5-C0AC-49E8-8DBB-143CBD2FA39F}"
EndProject
Project("{FAE04EC0-301F-11D3-BF4B-00C04F79EFBC}") = "Tyuiu.MartysevichAD.Sprint3.Task1.V7", "Tyuiu.MartysevichAD.Sprint3.Task1.V7\Tyuiu.MartysevichAD.Sprint3.Task1.V7.csproj", "{93F7E0C5-590A-4C06-848C-80E6FCF84FA3}"
EndProject
Project("{FAE04EC0-301F-11D3-BF4B-00C04F79EFBC}") = "Tyuiu.MartysevichAD.Sprint3.Task1.V7.Lib", "Tyuiu.MartysevichAD.Sprint3.Task1.V7.Lib\Tyuiu.MartysevichAD.Sprint3.Task1.V7.Lib.csproj", "{8A739749-90D1-461D-A17C-6D5419D152E5}"
EndProject
Project("{FAE04EC0-301F-11D3-BF4B-00C04F79EFBC}") = "Tyuiu.MartysevichAD.Sprint3.Task1.V7.Test", "Tyuiu.MartysevichAD.Sprint3.Task1.V7.Test\Tyuiu.MartysevichAD.Sprint3.Task1.V7.Test.csproj", "{5FDEEB31-2054-4F5B-BA05-5DD634B90C95}"
EndProject
Project("{2150E333-8FDC-42A3-9474-1A3956D46DE8}") = "Task4", "Task4", "{142948A6-8F51-49C9-A3ED-948EDCAC8922}"
EndProject
Project("{FAE04EC0-301F-11D3-BF4B-00C04F79EFBC}") = "Tyuiu.MartysevichAD.Sprint3.Task4.V11", "Tyuiu.MartysevichAD.Sprint3.Task4.V11\Tyuiu.MartysevichAD.Sprint3.Task4.V11.csproj", "{A7997C9D-679A-4476-A209-D38591026044}"
EndProject
Project("{FAE04EC0-301F-11D3-BF4B-00C04F79EFBC}") = "Tyuiu.MartysevichAD.Sprint3.Task4.V11.Test", "Tyuiu.MartysevichAD.Sprint3.Task4.V11.Test\Tyuiu.MartysevichAD.Sprint3.Task4.V11.Test.csproj", "{636E7164-6A07-496C-AA40-8FE38E8D3C4E}"
EndProject
Project("{FAE04EC0-301F-11D3-BF4B-00C04F79EFBC}") = "Tyuiu.MartysevichAD.Sprint3.Task4.V11.Lib", "Tyuiu.MartysevichAD.Sprint3.Task4.V11.Lib\Tyuiu.MartysevichAD.Sprint3.Task4.V11.Lib.csproj", "{74F61F63-618D-4439-A9D2-BA70DFF60395}"
EndProject
Project("{2150E333-8FDC-42A3-9474-1A3956D46DE8}") = "Task5", "Task5", "{0EC5297B-DF13-4552-B611-5CE9E0C25D7D}"
EndProject
Project("{FAE04EC0-301F-11D3-BF4B-00C04F79EFBC}") = "Tyuiu.MartysevichAD.Sprint3.Task5.V9.Lib", "Tyuiu.MartysevichAD.Sprint3.Task5.V9.Lib\Tyuiu.MartysevichAD.Sprint3.Task5.V9.Lib.csproj", "{95A04A59-A001-45BE-9C99-AD12F78F6A95}"
EndProject
Project("{FAE04EC0-301F-11D3-BF4B-00C04F79EFBC}") = "Tyuiu.MartysevichAD.Sprint3.Task5.V9.Test", "Tyuiu.MartysevichAD.Sprint3.Task5.V9.Test\Tyuiu.MartysevichAD.Sprint3.Task5.V9.Test.csproj", "{63534B05-A562-42C7-9684-37B7DF42CBAF}"
EndProject
Project("{FAE04EC0-301F-11D3-BF4B-00C04F79EFBC}") = "Tyuiu.MartysevichAD.Sprint3.Task5.V9", "Tyuiu.MartysevichAD.Sprint3.Task5.V9\Tyuiu.MartysevichAD.Sprint3.Task5.V9.csproj", "{723172F7-2694-4D62-AFBD-257AAF6B60CE}"
EndProject
Project("{2150E333-8FDC-42A3-9474-1A3956D46DE8}") = "Task6", "Task6", "{0F37E951-CADD-42E9-886E-1A037AB10B24}"
EndProject
Project("{FAE04EC0-301F-11D3-BF4B-00C04F79EFBC}") = "Tyuiu.MartysevichAD.Sprint3.Task6.V27", "Tyuiu.MartysevichAD.Sprint3.Task6.V27\Tyuiu.MartysevichAD.Sprint3.Task6.V27.csproj", "{012BB866-9183-45EC-B1C4-CAA4DA8C357F}"
EndProject
Project("{FAE04EC0-301F-11D3-BF4B-00C04F79EFBC}") = "Tyuiu.MartysevichAD.Sprint3.Task6.V27.Test", "Tyuiu.MartysevichAD.Sprint3.Task6.V27.Test\Tyuiu.MartysevichAD.Sprint3.Task6.V27.Test.csproj", "{DCFF8F2F-D50B-41A3-9D95-7069C8E77A44}"
EndProject
Project("{FAE04EC0-301F-11D3-BF4B-00C04F79EFBC}") = "Tyuiu.MartysevichAD.Sprint3.Task6.V27.Lib", "Tyuiu.MartysevichAD.Sprint3.Task6.V27.Lib\Tyuiu.MartysevichAD.Sprint3.Task6.V27.Lib.csproj", "{DBB9D5CB-CBF7-4605-88F9-57D97DB3529A}"
EndProject
Global
	GlobalSection(SolutionConfigurationPlatforms) = preSolution
		Debug|Any CPU = Debug|Any CPU
		Release|Any CPU = Release|Any CPU
	EndGlobalSection
	GlobalSection(ProjectConfigurationPlatforms) = postSolution
		{01600DBD-59A8-4211-B1BB-0335C762CDAF}.Debug|Any CPU.ActiveCfg = Debug|Any CPU
		{01600DBD-59A8-4211-B1BB-0335C762CDAF}.Debug|Any CPU.Build.0 = Debug|Any CPU
		{01600DBD-59A8-4211-B1BB-0335C762CDAF}.Release|Any CPU.ActiveCfg = Release|Any CPU
		{01600DBD-59A8-4211-B1BB-0335C762CDAF}.Release|Any CPU.Build.0 = Release|Any CPU
		{77F22348-DA7B-4B3C-9297-68DCA4C21EB8}.Debug|Any CPU.ActiveCfg = Debug|Any CPU
		{77F22348-DA7B-4B3C-9297-68DCA4C21EB8}.Debug|Any CPU.Build.0 = Debug|Any CPU
		{77F22348-DA7B-4B3C-9297-68DCA4C21EB8}.Release|Any CPU.ActiveCfg = Release|Any CPU
		{77F22348-DA7B-4B3C-9297-68DCA4C21EB8}.Release|Any CPU.Build.0 = Release|Any CPU
		{12302705-7863-4E9A-8D0E-20C5A0CD2631}.Debug|Any CPU.ActiveCfg = Debug|Any CPU
		{12302705-7863-4E9A-8D0E-20C5A0CD2631}.Debug|Any CPU.Build.0 = Debug|Any CPU
		{12302705-7863-4E9A-8D0E-20C5A0CD2631}.Release|Any CPU.ActiveCfg = Release|Any CPU
		{12302705-7863-4E9A-8D0E-20C5A0CD2631}.Release|Any CPU.Build.0 = Release|Any CPU
		{93F7E0C5-590A-4C06-848C-80E6FCF84FA3}.Debug|Any CPU.ActiveCfg = Debug|Any CPU
		{93F7E0C5-590A-4C06-848C-80E6FCF84FA3}.Debug|Any CPU.Build.0 = Debug|Any CPU
		{93F7E0C5-590A-4C06-848C-80E6FCF84FA3}.Release|Any CPU.ActiveCfg = Release|Any CPU
		{93F7E0C5-590A-4C06-848C-80E6FCF84FA3}.Release|Any CPU.Build.0 = Release|Any CPU
		{8A739749-90D1-461D-A17C-6D5419D152E5}.Debug|Any CPU.ActiveCfg = Debug|Any CPU
		{8A739749-90D1-461D-A17C-6D5419D152E5}.Debug|Any CPU.Build.0 = Debug|Any CPU
		{8A739749-90D1-461D-A17C-6D5419D152E5}.Release|Any CPU.ActiveCfg = Release|Any CPU
		{8A739749-90D1-461D-A17C-6D5419D152E5}.Release|Any CPU.Build.0 = Release|Any CPU
		{5FDEEB31-2054-4F5B-BA05-5DD634B90C95}.Debug|Any CPU.ActiveCfg = Debug|Any CPU
		{5FDEEB31-2054-4F5B-BA05-5DD634B90C95}.Debug|Any CPU.Build.0 = Debug|Any CPU
		{5FDEEB31-2054-4F5B-BA05-5DD634B90C95}.Release|Any CPU.ActiveCfg = Release|Any CPU
		{5FDEEB31-2054-4F5B-BA05-5DD634B90C95}.Release|Any CPU.Build.0 = Release|Any CPU
		{A7997C9D-679A-4476-A209-D38591026044}.Debug|Any CPU.ActiveCfg = Debug|Any CPU
		{A7997C9D-679A-4476-A209-D38591026044}.Debug|Any CPU.Build.0 = Debug|Any CPU
		{A7997C9D-679A-4476-A209-D38591026044}.Release|Any CPU.ActiveCfg = Release|Any CPU
		{A7997C9D-679A-4476-A209-D38591026044}.Release|Any CPU.Build.0 = Release|Any CPU
		{636E7164-6A07-496C-AA40-8FE38E8D3C4E}.Debug|Any CPU.ActiveCfg = Debug|Any CPU
		{636E7164-6A07-496C-AA40-8FE38E8D3C4E}.Debug|Any CPU.Build.0 = Debug|Any CPU
		{636E7164-6A07-496C-AA40-8FE38E8D3C4E}.Release|Any CPU.ActiveCfg = Release|Any CPU
		{636E7164-6A07-496C-AA40-8FE38E8D3C4E}.Release|Any CPU.Build.0 = Release|Any CPU
		{74F61F63-618D-4439-A9D2-BA70DFF60395}.Debug|Any CPU.ActiveCfg = Debug|Any CPU
		{74F61F63-618D-4439-A9D2-BA70DFF60395}.Debug|Any CPU.Build.0 = Debug|Any CPU
		{74F61F63-618D-4439-A9D2-BA70DFF60395}.Release|Any CPU.ActiveCfg = Release|Any CPU
		{74F61F63-618D-4439-A9D2-BA70DFF60395}.Release|Any CPU.Build.0 = Release|Any CPU
		{95A04A59-A001-45BE-9C99-AD12F78F6A95}.Debug|Any CPU.ActiveCfg = Debug|Any CPU
		{95A04A59-A001-45BE-9C99-AD12F78F6A95}.Debug|Any CPU.Build.0 = Debug|Any CPU
		{95A04A59-A001-45BE-9C99-AD12F78F6A95}.Release|Any CPU.ActiveCfg = Release|Any CPU
		{95A04A59-A001-45BE-9C99-AD12F78F6A95}.Release|Any CPU.Build.0 = Release|Any CPU
		{63534B05-A562-42C7-9684-37B7DF42CBAF}.Debug|Any CPU.ActiveCfg = Debug|Any CPU
		{63534B05-A562-42C7-9684-37B7DF42CBAF}.Debug|Any CPU.Build.0 = Debug|Any CPU
		{63534B05-A562-42C7-9684-37B7DF42CBAF}.Release|Any CPU.ActiveCfg = Release|Any CPU
		{63534B05-A562-42C7-9684-37B7DF42CBAF}.Release|Any CPU.Build.0 = Release|Any CPU
		{723172F7-2694-4D62-AFBD-257AAF6B60CE}.Debug|Any CPU.ActiveCfg = Debug|Any CPU
		{723172F7-2694-4D62-AFBD-257AAF6B60CE}.Debug|Any CPU.Build.0 = Debug|Any CPU
		{723172F7-2694-4D62-AFBD-257AAF6B60CE}.Release|Any CPU.ActiveCfg = Release|Any CPU
		{723172F7-2694-4D62-AFBD-257AAF6B60CE}.Release|Any CPU.Build.0 = Release|Any CPU
		{012BB866-9183-45EC-B1C4-CAA4DA8C357F}.Debug|Any CPU.ActiveCfg = Debug|Any CPU
		{012BB866-9183-45EC-B1C4-CAA4DA8C357F}.Debug|Any CPU.Build.0 = Debug|Any CPU
		{012BB866-9183-45EC-B1C4-CAA4DA8C357F}.Release|Any CPU.ActiveCfg = Release|Any CPU
		{012BB866-9183-45EC-B1C4-CAA4DA8C357F}.Release|Any CPU.Build.0 = Release|Any CPU
		{DCFF8F2F-D50B-41A3-9D95-7069C8E77A44}.Debug|Any CPU.ActiveCfg = Debug|Any CPU
		{DCFF8F2F-D50B-41A3-9D95-7069C8E77A44}.Debug|Any CPU.Build.0 = Debug|Any CPU
		{DCFF8F2F-D50B-41A3-9D95-7069C8E77A44}.Release|Any CPU.ActiveCfg = Release|Any CPU
		{DCFF8F2F-D50B-41A3-9D95-7069C8E77A44}.Release|Any CPU.Build.0 = Release|Any CPU
		{DBB9D5CB-CBF7-4605-88F9-57D97DB3529A}.Debug|Any CPU.ActiveCfg = Debug|Any CPU
		{DBB9D5CB-CBF7-4605-88F9-57D97DB3529A}.Debug|Any CPU.Build.0 = Debug|Any CPU
		{DBB9D5CB-CBF7-4605-88F9-57D97DB3529A}.Release|Any CPU.ActiveCfg = Release|Any CPU
		{DBB9D5CB-CBF7-4605-88F9-57D97DB3529A}.Release|Any CPU.Build.0 = Release|Any CPU
	EndGlobalSection
	GlobalSection(SolutionProperties) = preSolution
		HideSolutionNode = FALSE
	EndGlobalSection
	GlobalSection(NestedProjects) = preSolution
		{01600DBD-59A8-4211-B1BB-0335C762CDAF} = {38F32F21-1832-4898-B0C1-1990A6D64595}
		{77F22348-DA7B-4B3C-9297-68DCA4C21EB8} = {38F32F21-1832-4898-B0C1-1990A6D64595}
		{12302705-7863-4E9A-8D0E-20C5A0CD2631} = {38F32F21-1832-4898-B0C1-1990A6D64595}
		{93F7E0C5-590A-4C06-848C-80E6FCF84FA3} = {1669C4B5-C0AC-49E8-8DBB-143CBD2FA39F}
		{8A739749-90D1-461D-A17C-6D5419D152E5} = {1669C4B5-C0AC-49E8-8DBB-143CBD2FA39F}
		{5FDEEB31-2054-4F5B-BA05-5DD634B90C95} = {1669C4B5-C0AC-49E8-8DBB-143CBD2FA39F}
		{A7997C9D-679A-4476-A209-D38591026044} = {142948A6-8F51-49C9-A3ED-948EDCAC8922}
		{636E7164-6A07-496C-AA40-8FE38E8D3C4E} = {142948A6-8F51-49C9-A3ED-948EDCAC8922}
		{74F61F63-618D-4439-A9D2-BA70DFF60395} = {142948A6-8F51-49C9-A3ED-948EDCAC8922}
		{95A04A59-A001-45BE-9C99-AD12F78F6A95} = {0EC5297B-DF13-4552-B611-5CE9E0C25D7D}
		{63534B05-A562-42C7-9684-37B7DF42CBAF} = {0EC5297B-DF13-4552-B611-5CE9E0C25D7D}
		{723172F7-2694-4D62-AFBD-257AAF6B60CE} = {0EC5297B-DF13-4552-B611-5CE9E0C25D7D}
		{012BB866-9183-45EC-B1C4-CAA4DA8C357F} = {0F37E951-CADD-42E9-886E-1A037AB10B24}
		{DCFF8F2F-D50B-41A3-9D95-7069C8E77A44} = {0F37E951-CADD-42E9-886E-1A037AB10B24}
		{DBB9D5CB-CBF7-4605-88F9-57D97DB3529A} = {0F37E951-CADD-42E9-886E-1A037AB10B24}
	EndGlobalSection
	GlobalSection(ExtensibilityGlobals) = postSolution
		SolutionGuid = {31093C42-18AC-47A8-A7EF-605A98891A59}
	EndGlobalSection
EndGlobal
