
Microsoft Visual Studio Solution File, Format Version 12.00
# Visual Studio Version 16
VisualStudioVersion = 16.0.34031.81
MinimumVisualStudioVersion = 10.0.40219.1
Project("{FAE04EC0-301F-11D3-BF4B-00C04F79EFBC}") = "Tyuiu.MartysevichAD.Sprint3.Task0.V5.Test", "Tyuiu.MartysevichAD.Sprint3.Task0.V5.Test\Tyuiu.MartysevichAD.Sprint3.Task0.V5.Test.csproj", "{01600DBD-59A8-4211-B1BB-0335C762CDAF}"
EndProject
Project("{FAE04EC0-301F-11D3-BF4B-00C04F79EFBC}") = "Tyuiu.MartysevichAD.Sprint3.Task0.V5.Lib", "Tyuiu.MartysevichAD.Sprint3.Task0.V5.Lib\Tyuiu.MartysevichAD.Sprint3.Task0.V5.Lib.csproj", "{77F22348-DA7B-4B3C-9297-68DCA4C21EB8}"
EndProject
Project("{FAE04EC0-301F-11D3-BF4B-00C04F79EFBC}") = "Tyuiu.MartysevichAD.Sprint3.Task0.V5", "Tyuiu.MartysevichAD.Sprint3.Task0.V5\Tyuiu.MartysevichAD.Sprint3.Task0.V5.csproj", "{12302705-7863-4E9A-8D0E-20C5A0CD2631}"
EndProject
Project("{2150E333-8FDC-42A3-9474-1A3956D46DE8}") = "Task0", "Task0", "{38F32F21-1832-4898-B0C1-1990A6D64595}"
EndProject
Project("{2150E333-8FDC-42A3-9474-1A3956D46DE8}") = "Task1", "Task1", "{1669C4B5-C0AC-49E8-8DBB-143CBD2FA39F}"
EndProject
Project("{FAE04EC0-301F-11D3-BF4B-00C04F79EFBC}") = "Tyuiu.MartysevichAD.Sprint3.Task1.V7", "Tyuiu.MartysevichAD.Sprint3.Task1.V7\Tyuiu.MartysevichAD.Sprint3.Task1.V7.csproj", "{93F7E0C5-590A-4C06-848C-80E6FCF84FA3}"
EndProject
Project("{FAE04EC0-301F-11D3-BF4B-00C04F79EFBC}") = "Tyuiu.MartysevichAD.Sprint3.Task1.V7.Lib", "Tyuiu.MartysevichAD.Sprint3.Task1.V7.Lib\Tyuiu.MartysevichAD.Sprint3.Task1.V7.Lib.csproj", "{8A739749-90D1-461D-A17C-6D5419D152E5}"
EndProject
Project("{FAE04EC0-301F-11D3-BF4B-00C04F79EFBC}") = "Tyuiu.MartysevichAD.Sprint3.Task1.V7.Test", "Tyuiu.MartysevichAD.Sprint3.Task1.V7.Test\Tyuiu.MartysevichAD.Sprint3.Task1.V7.Test.csproj", "{5FDEEB31-2054-4F5B-BA05-5DD634B90C95}"
EndProject
Global
	GlobalSection(SolutionConfigurationPlatforms) = preSolution
		Debug|Any CPU = Debug|Any CPU
		Release|Any CPU = Release|Any CPU
	EndGlobalSection
	GlobalSection(ProjectConfigurationPlatforms) = postSolution
		{01600DBD-59A8-4211-B1BB-0335C762CDAF}.Debug|Any CPU.ActiveCfg = Debug|Any CPU
		{01600DBD-59A8-4211-B1BB-0335C762CDAF}.Debug|Any CPU.Build.0 = Debug|Any CPU
		{01600DBD-59A8-4211-B1BB-0335C762CDAF}.Release|Any CPU.ActiveCfg = Release|Any CPU
		{01600DBD-59A8-4211-B1BB-0335C762CDAF}.Release|Any CPU.Build.0 = Release|Any CPU
		{77F22348-DA7B-4B3C-9297-68DCA4C21EB8}.Debug|Any CPU.ActiveCfg = Debug|Any CPU
		{77F22348-DA7B-4B3C-9297-68DCA4C21EB8}.Debug|Any CPU.Build.0 = Debug|Any CPU
		{77F22348-DA7B-4B3C-9297-68DCA4C21EB8}.Release|Any CPU.ActiveCfg = Release|Any CPU
		{77F22348-DA7B-4B3C-9297-68DCA4C21EB8}.Release|Any CPU.Build.0 = Release|Any CPU
		{12302705-7863-4E9A-8D0E-20C5A0CD2631}.Debug|Any CPU.ActiveCfg = Debug|Any CPU
		{12302705-7863-4E9A-8D0E-20C5A0CD2631}.Debug|Any CPU.Build.0 = Debug|Any CPU
		{12302705-7863-4E9A-8D0E-20C5A0CD2631}.Release|Any CPU.ActiveCfg = Release|Any CPU
		{12302705-7863-4E9A-8D0E-20C5A0CD2631}.Release|Any CPU.Build.0 = Release|Any CPU
		{93F7E0C5-590A-4C06-848C-80E6FCF84FA3}.Debug|Any CPU.ActiveCfg = Debug|Any CPU
		{93F7E0C5-590A-4C06-848C-80E6FCF84FA3}.Debug|Any CPU.Build.0 = Debug|Any CPU
		{93F7E0C5-590A-4C06-848C-80E6FCF84FA3}.Release|Any CPU.ActiveCfg = Release|Any CPU
		{93F7E0C5-590A-4C06-848C-80E6FCF84FA3}.Release|Any CPU.Build.0 = Release|Any CPU
		{8A739749-90D1-461D-A17C-6D5419D152E5}.Debug|Any CPU.ActiveCfg = Debug|Any CPU
		{8A739749-90D1-461D-A17C-6D5419D152E5}.Debug|Any CPU.Build.0 = Debug|Any CPU
		{8A739749-90D1-461D-A17C-6D5419D152E5}.Release|Any CPU.ActiveCfg = Release|Any CPU
		{8A739749-90D1-461D-A17C-6D5419D152E5}.Release|Any CPU.Build.0 = Release|Any CPU
		{5FDEEB31-2054-4F5B-BA05-5DD634B90C95}.Debug|Any CPU.ActiveCfg = Debug|Any CPU
		{5FDEEB31-2054-4F5B-BA05-5DD634B90C95}.Debug|Any CPU.Build.0 = Debug|Any CPU
		{5FDEEB31-2054-4F5B-BA05-5DD634B90C95}.Release|Any CPU.ActiveCfg = Release|Any CPU
		{5FDEEB31-2054-4F5B-BA05-5DD634B90C95}.Release|Any CPU.Build.0 = Release|Any CPU
	EndGlobalSection
	GlobalSection(SolutionProperties) = preSolution
		HideSolutionNode = FALSE
	EndGlobalSection
	GlobalSection(NestedProjects) = preSolution
		{01600DBD-59A8-4211-B1BB-0335C762CDAF} = {38F32F21-1832-4898-B0C1-1990A6D64595}
		{77F22348-DA7B-4B3C-9297-68DCA4C21EB8} = {38F32F21-1832-4898-B0C1-1990A6D64595}
		{12302705-7863-4E9A-8D0E-20C5A0CD2631} = {38F32F21-1832-4898-B0C1-1990A6D64595}
		{93F7E0C5-590A-4C06-848C-80E6FCF84FA3} = {1669C4B5-C0AC-49E8-8DBB-143CBD2FA39F}
		{8A739749-90D1-461D-A17C-6D5419D152E5} = {1669C4B5-C0AC-49E8-8DBB-143CBD2FA39F}
		{5FDEEB31-2054-4F5B-BA05-5DD634B90C95} = {1669C4B5-C0AC-49E8-8DBB-143CBD2FA39F}
	EndGlobalSection
	GlobalSection(ExtensibilityGlobals) = postSolution
		SolutionGuid = {31093C42-18AC-47A8-A7EF-605A98891A59}
	EndGlobalSection
EndGlobal
